{
  "object": {
    "pins": [
      {
        "package": "Base58Swift",
        "repositoryURL": "https://github.com/keefertaylor/Base58Swift",
        "state": {
          "branch": null,
          "revision": "1c13ea6b07f1584660526f8bde3d4cc150e91acd",
          "version": "2.1.14"
        }
      },
      {
        "package": "BigInt",
        "repositoryURL": "https://github.com/attaswift/BigInt.git",
        "state": {
          "branch": null,
          "revision": "889a1ecacd73ccc189c5cb29288048f186c44ed9",
          "version": "5.2.1"
        }
      },
      {
        "package": "CodeEditor",
        "repositoryURL": "https://github.com/ZeeZide/CodeEditor.git",
        "state": {
          "branch": null,
          "revision": "5856fac22b0a2174dbdea212784567c8c9cd1129",
          "version": "1.2.0"
        }
      },
      {
        "package": "CryptoSwift",
        "repositoryURL": "https://github.com/krzyzanowskim/CryptoSwift.git",
        "state": {
          "branch": null,
          "revision": "5669f222e46c8134fb1f399c745fa6882b43532e",
          "version": "1.3.8"
        }
      },
      {
        "package": "ed25519swift",
        "repositoryURL": "https://github.com/crewshin/ed25519swift",
        "state": {
          "branch": null,
          "revision": "b14719cad9fa541a5ec9b3de5aff8e9c4cc6ea07",
          "version": "1.2.6"
        }
      },
      {
        "package": "Highlightr",
        "repositoryURL": "https://github.com/raspu/Highlightr",
        "state": {
          "branch": null,
          "revision": "93199b9e434f04bda956a613af8f571933f9f037",
          "version": "2.1.2"
        }
      }
    ]
  },
  "version": 1
}
